github.com/joho/godotenv v1.5.1 h1:7eLL/+HRGLY0ldzfGMeQkb7vMd0as4CfYvUVzLqw0N0=
github.com/joho/godotenv v1.5.1/go.mod h1:f4LDr5Voq0i2e/R5DDNOoa2zzDfwtkZa6DnEwAbqwq4=
github.com/seventy6/theauthapi-go-sdk v0.0.0-20241121134627-c9d7d7008afd h1:mg6II7htd0XRN0RqknPIdSRoWI0790+YiYsJCQ+NkqA=
github.com/seventy6/theauthapi-go-sdk v0.0.0-20241121134627-c9d7d7008afd/go.mod h1:tA4amKng+tnBa3Gy3fScNfKIxNm55IC7s80k+yIlcCc=
